
Microsoft Visual Studio Solution File, Format Version 12.00
# Visual Studio Version 16
VisualStudioVersion = 16.0.34601.136
MinimumVisualStudioVersion = 10.0.40219.1
Project("{FAE04EC0-301F-11D3-BF4B-00C04F79EFBC}") = "new talents", "new talents\new talents.csproj", "{0006A293-5477-4F35-A6AB-C2267F63D9DA}"
EndProject
Project("{FAE04EC0-301F-11D3-BF4B-00C04F79EFBC}") = "TesteNewTalents", "TesteNewTalents\TesteNewTalents.csproj", "{DA108625-D8A1-41AF-AEC4-3768E53DA89F}"
EndProject
Global
	GlobalSection(SolutionConfigurationPlatforms) = preSolution
		Debug|Any CPU = Debug|Any CPU
		Release|Any CPU = Release|Any CPU
	EndGlobalSection
	GlobalSection(ProjectConfigurationPlatforms) = postSolution
		{0006A293-5477-4F35-A6AB-C2267F63D9DA}.Debug|Any CPU.ActiveCfg = Debug|Any CPU
		{0006A293-5477-4F35-A6AB-C2267F63D9DA}.Debug|Any CPU.Build.0 = Debug|Any CPU
		{0006A293-5477-4F35-A6AB-C2267F63D9DA}.Release|Any CPU.ActiveCfg = Release|Any CPU
		{0006A293-5477-4F35-A6AB-C2267F63D9DA}.Release|Any CPU.Build.0 = Release|Any CPU
		{DA108625-D8A1-41AF-AEC4-3768E53DA89F}.Debug|Any CPU.ActiveCfg = Debug|Any CPU
		{DA108625-D8A1-41AF-AEC4-3768E53DA89F}.Debug|Any CPU.Build.0 = Debug|Any CPU
		{DA108625-D8A1-41AF-AEC4-3768E53DA89F}.Release|Any CPU.ActiveCfg = Release|Any CPU
		{DA108625-D8A1-41AF-AEC4-3768E53DA89F}.Release|Any CPU.Build.0 = Release|Any CPU
	EndGlobalSection
	GlobalSection(SolutionProperties) = preSolution
		HideSolutionNode = FALSE
	EndGlobalSection
	GlobalSection(ExtensibilityGlobals) = postSolution
		SolutionGuid = {8AFECA6B-6C0E-45CE-AB70-3322CE701191}
	EndGlobalSection
EndGlobal
